// !$*UTF8*$!
{
	archiveVersion = 1;
	classes = {
	};
	objectVersion = 50;
	objects = {

/* Begin PBXBuildFile section */
		045AC83D25808F93009F2465 /* Day09VC.swift in Sources */ = {isa = PBXBuildFile; fileRef = 045AC83C25808F93009F2465 /* Day09VC.swift */; };
		045AC84125809334009F2465 /* Day09Input.txt in Resources */ = {isa = PBXBuildFile; fileRef = 045AC84025809334009F2465 /* Day09Input.txt */; };
		04B17B822540AD5E00FE3DB5 /* AppDelegate.swift in Sources */ = {isa = PBXBuildFile; fileRef = 04B17B812540AD5E00FE3DB5 /* AppDelegate.swift */; };
		04B17B842540AD5E00FE3DB5 /* SceneDelegate.swift in Sources */ = {isa = PBXBuildFile; fileRef = 04B17B832540AD5E00FE3DB5 /* SceneDelegate.swift */; };
		04B17B862540AD5E00FE3DB5 /* CalendarViewController.swift in Sources */ = {isa = PBXBuildFile; fileRef = 04B17B852540AD5E00FE3DB5 /* CalendarViewController.swift */; };
		04B17B892540AD5E00FE3DB5 /* Main.storyboard in Resources */ = {isa = PBXBuildFile; fileRef = 04B17B872540AD5E00FE3DB5 /* Main.storyboard */; };
		04B17B8B2540AD6100FE3DB5 /* Assets.xcassets in Resources */ = {isa = PBXBuildFile; fileRef = 04B17B8A2540AD6100FE3DB5 /* Assets.xcassets */; };
		04B17B8E2540AD6100FE3DB5 /* LaunchScreen.storyboard in Resources */ = {isa = PBXBuildFile; fileRef = 04B17B8C2540AD6100FE3DB5 /* LaunchScreen.storyboard */; };
		04B17B972540ADA200FE3DB5 /* UIView+Ext.swift in Sources */ = {isa = PBXBuildFile; fileRef = 04B17B962540ADA200FE3DB5 /* UIView+Ext.swift */; };
		04B17B992540ADDD00FE3DB5 /* Math.swift in Sources */ = {isa = PBXBuildFile; fileRef = 04B17B982540ADDD00FE3DB5 /* Math.swift */; };
		04B17B9B2540ADFE00FE3DB5 /* IntPoint.swift in Sources */ = {isa = PBXBuildFile; fileRef = 04B17B9A2540ADFE00FE3DB5 /* IntPoint.swift */; };
		04B17B9D2540AE2700FE3DB5 /* Direction.swift in Sources */ = {isa = PBXBuildFile; fileRef = 04B17B9C2540AE2700FE3DB5 /* Direction.swift */; };
		04B17B9F2540AE7100FE3DB5 /* FileLoader.swift in Sources */ = {isa = PBXBuildFile; fileRef = 04B17B9E2540AE7100FE3DB5 /* FileLoader.swift */; };
		04B17BA12540AE9600FE3DB5 /* String+Ext.swift in Sources */ = {isa = PBXBuildFile; fileRef = 04B17BA02540AE9600FE3DB5 /* String+Ext.swift */; };
		04B17BA32540AF6100FE3DB5 /* Node.swift in Sources */ = {isa = PBXBuildFile; fileRef = 04B17BA22540AF6100FE3DB5 /* Node.swift */; };
		04B17BA52540AFED00FE3DB5 /* Image.swift in Sources */ = {isa = PBXBuildFile; fileRef = 04B17BA42540AFED00FE3DB5 /* Image.swift */; };
		04B17BA72540B15D00FE3DB5 /* Misc.swift in Sources */ = {isa = PBXBuildFile; fileRef = 04B17BA62540B15D00FE3DB5 /* Misc.swift */; };
		04B17BA92540B18700FE3DB5 /* IntAStar.swift in Sources */ = {isa = PBXBuildFile; fileRef = 04B17BA82540B18700FE3DB5 /* IntAStar.swift */; };
		04B17BAB2540B1CD00FE3DB5 /* AoCVC.swift in Sources */ = {isa = PBXBuildFile; fileRef = 04B17BAA2540B1CD00FE3DB5 /* AoCVC.swift */; };
		04B17BB12540C4A400FE3DB5 /* DateHelper.swift in Sources */ = {isa = PBXBuildFile; fileRef = 04B17BB02540C4A400FE3DB5 /* DateHelper.swift */; };
		04B5DC742578A9C2002F620D /* Day03Input.txt in Resources */ = {isa = PBXBuildFile; fileRef = 04B5DC732578A9C2002F620D /* Day03Input.txt */; };
		04B5DC7825798A8D002F620D /* Day04VC.swift in Sources */ = {isa = PBXBuildFile; fileRef = 04B5DC7725798A8D002F620D /* Day04VC.swift */; };
		04B5DC7C2579FBA5002F620D /* Day04Input.txt in Resources */ = {isa = PBXBuildFile; fileRef = 04B5DC7B2579FBA5002F620D /* Day04Input.txt */; };
		04B5DCCC257B4A50002F620D /* Day05VC.swift in Sources */ = {isa = PBXBuildFile; fileRef = 04B5DCCB257B4A50002F620D /* Day05VC.swift */; };
		04B5DCD0257B4D35002F620D /* Day05Input.txt in Resources */ = {isa = PBXBuildFile; fileRef = 04B5DCCF257B4D35002F620D /* Day05Input.txt */; };
		04B5DCD5257C5B33002F620D /* Day06VC.swift in Sources */ = {isa = PBXBuildFile; fileRef = 04B5DCD4257C5B33002F620D /* Day06VC.swift */; };
		04B5DCD9257C9D65002F620D /* Day06Input.txt in Resources */ = {isa = PBXBuildFile; fileRef = 04B5DCD8257C9D65002F620D /* Day06Input.txt */; };
		04B5DCDD257DEBA6002F620D /* Day07VC.swift in Sources */ = {isa = PBXBuildFile; fileRef = 04B5DCDC257DEBA6002F620D /* Day07VC.swift */; };
		04B5DCE1257DF146002F620D /* Day07Input.txt in Resources */ = {isa = PBXBuildFile; fileRef = 04B5DCE0257DF146002F620D /* Day07Input.txt */; };
		04B5DD0D257F3E72002F620D /* Day08VC.swift in Sources */ = {isa = PBXBuildFile; fileRef = 04B5DD0C257F3E72002F620D /* Day08VC.swift */; };
		04B5DD11257F4241002F620D /* Day08Input.txt in Resources */ = {isa = PBXBuildFile; fileRef = 04B5DD10257F4241002F620D /* Day08Input.txt */; };
		04CA183F25758DCF000F54BD /* PermutationHelper.swift in Sources */ = {isa = PBXBuildFile; fileRef = 04CA183E25758DCF000F54BD /* PermutationHelper.swift */; };
		04CA184325758DF7000F54BD /* Grid.swift in Sources */ = {isa = PBXBuildFile; fileRef = 04CA184225758DF7000F54BD /* Grid.swift */; };
		04CA184625758E13000F54BD /* TravellingSalesmanHelper.swift in Sources */ = {isa = PBXBuildFile; fileRef = 04CA184525758E13000F54BD /* TravellingSalesmanHelper.swift */; };
		04CA184B25759130000F54BD /* Day01VC.swift in Sources */ = {isa = PBXBuildFile; fileRef = 04CA184A25759130000F54BD /* Day01VC.swift */; };
		04CA184F2576070D000F54BD /* Day01Input.txt in Resources */ = {isa = PBXBuildFile; fileRef = 04CA184E2576070D000F54BD /* Day01Input.txt */; };
		04CA187C2576D51C000F54BD /* Day02VC.swift in Sources */ = {isa = PBXBuildFile; fileRef = 04CA187B2576D51C000F54BD /* Day02VC.swift */; };
		04CA188025775712000F54BD /* Day02Input.txt in Resources */ = {isa = PBXBuildFile; fileRef = 04CA187F25775712000F54BD /* Day02Input.txt */; };
		04CA188825780578000F54BD /* Day03VC.swift in Sources */ = {isa = PBXBuildFile; fileRef = 04CA188725780578000F54BD /* Day03VC.swift */; };
/* End PBXBuildFile section */

/* Begin PBXFileReference section */
		045AC83C25808F93009F2465 /* Day09VC.swift */ = {isa = PBXFileReference; lastKnownFileType = sourcecode.swift; path = Day09VC.swift; sourceTree = "<group>"; };
		045AC84025809334009F2465 /* Day09Input.txt */ = {isa = PBXFileReference; fileEncoding = 4; lastKnownFileType = text; path = Day09Input.txt; sourceTree = "<group>"; };
		04B17B7E2540AD5E00FE3DB5 /* AdventOfCode2020.app */ = {isa = PBXFileReference; explicitFileType = wrapper.application; includeInIndex = 0; path = AdventOfCode2020.app; sourceTree = BUILT_PRODUCTS_DIR; };
		04B17B812540AD5E00FE3DB5 /* AppDelegate.swift */ = {isa = PBXFileReference; lastKnownFileType = sourcecode.swift; path = AppDelegate.swift; sourceTree = "<group>"; };
		04B17B832540AD5E00FE3DB5 /* SceneDelegate.swift */ = {isa = PBXFileReference; lastKnownFileType = sourcecode.swift; path = SceneDelegate.swift; sourceTree = "<group>"; };
		04B17B852540AD5E00FE3DB5 /* CalendarViewController.swift */ = {isa = PBXFileReference; lastKnownFileType = sourcecode.swift; path = CalendarViewController.swift; sourceTree = "<group>"; };
		04B17B882540AD5E00FE3DB5 /* Base */ = {isa = PBXFileReference; lastKnownFileType = file.storyboard; name = Base; path = Base.lproj/Main.storyboard; sourceTree = "<group>"; };
		04B17B8A2540AD6100FE3DB5 /* Assets.xcassets */ = {isa = PBXFileReference; lastKnownFileType = folder.assetcatalog; path = Assets.xcassets; sourceTree = "<group>"; };
		04B17B8D2540AD6100FE3DB5 /* Base */ = {isa = PBXFileReference; lastKnownFileType = file.storyboard; name = Base; path = Base.lproj/LaunchScreen.storyboard; sourceTree = "<group>"; };
		04B17B8F2540AD6100FE3DB5 /* Info.plist */ = {isa = PBXFileReference; lastKnownFileType = text.plist.xml; path = Info.plist; sourceTree = "<group>"; };
		04B17B962540ADA200FE3DB5 /* UIView+Ext.swift */ = {isa = PBXFileReference; lastKnownFileType = sourcecode.swift; path = "UIView+Ext.swift"; sourceTree = "<group>"; };
		04B17B982540ADDD00FE3DB5 /* Math.swift */ = {isa = PBXFileReference; lastKnownFileType = sourcecode.swift; path = Math.swift; sourceTree = "<group>"; };
		04B17B9A2540ADFE00FE3DB5 /* IntPoint.swift */ = {isa = PBXFileReference; lastKnownFileType = sourcecode.swift; path = IntPoint.swift; sourceTree = "<group>"; };
		04B17B9C2540AE2700FE3DB5 /* Direction.swift */ = {isa = PBXFileReference; lastKnownFileType = sourcecode.swift; path = Direction.swift; sourceTree = "<group>"; };
		04B17B9E2540AE7100FE3DB5 /* FileLoader.swift */ = {isa = PBXFileReference; lastKnownFileType = sourcecode.swift; path = FileLoader.swift; sourceTree = "<group>"; };
		04B17BA02540AE9600FE3DB5 /* String+Ext.swift */ = {isa = PBXFileReference; lastKnownFileType = sourcecode.swift; path = "String+Ext.swift"; sourceTree = "<group>"; };
		04B17BA22540AF6100FE3DB5 /* Node.swift */ = {isa = PBXFileReference; lastKnownFileType = sourcecode.swift; path = Node.swift; sourceTree = "<group>"; };
		04B17BA42540AFED00FE3DB5 /* Image.swift */ = {isa = PBXFileReference; lastKnownFileType = sourcecode.swift; path = Image.swift; sourceTree = "<group>"; };
		04B17BA62540B15D00FE3DB5 /* Misc.swift */ = {isa = PBXFileReference; lastKnownFileType = sourcecode.swift; path = Misc.swift; sourceTree = "<group>"; };
		04B17BA82540B18700FE3DB5 /* IntAStar.swift */ = {isa = PBXFileReference; lastKnownFileType = sourcecode.swift; path = IntAStar.swift; sourceTree = "<group>"; };
		04B17BAA2540B1CD00FE3DB5 /* AoCVC.swift */ = {isa = PBXFileReference; lastKnownFileType = sourcecode.swift; path = AoCVC.swift; sourceTree = "<group>"; };
		04B17BB02540C4A400FE3DB5 /* DateHelper.swift */ = {isa = PBXFileReference; lastKnownFileType = sourcecode.swift; path = DateHelper.swift; sourceTree = "<group>"; };
		04B5DC732578A9C2002F620D /* Day03Input.txt */ = {isa = PBXFileReference; fileEncoding = 4; lastKnownFileType = text; path = Day03Input.txt; sourceTree = "<group>"; };
		04B5DC7725798A8D002F620D /* Day04VC.swift */ = {isa = PBXFileReference; lastKnownFileType = sourcecode.swift; path = Day04VC.swift; sourceTree = "<group>"; };
		04B5DC7B2579FBA5002F620D /* Day04Input.txt */ = {isa = PBXFileReference; fileEncoding = 4; lastKnownFileType = text; path = Day04Input.txt; sourceTree = "<group>"; };
		04B5DCCB257B4A50002F620D /* Day05VC.swift */ = {isa = PBXFileReference; lastKnownFileType = sourcecode.swift; path = Day05VC.swift; sourceTree = "<group>"; };
		04B5DCCF257B4D35002F620D /* Day05Input.txt */ = {isa = PBXFileReference; fileEncoding = 4; lastKnownFileType = text; path = Day05Input.txt; sourceTree = "<group>"; };
		04B5DCD4257C5B33002F620D /* Day06VC.swift */ = {isa = PBXFileReference; lastKnownFileType = sourcecode.swift; path = Day06VC.swift; sourceTree = "<group>"; };
		04B5DCD8257C9D65002F620D /* Day06Input.txt */ = {isa = PBXFileReference; fileEncoding = 4; lastKnownFileType = text; path = Day06Input.txt; sourceTree = "<group>"; };
		04B5DCDC257DEBA6002F620D /* Day07VC.swift */ = {isa = PBXFileReference; lastKnownFileType = sourcecode.swift; path = Day07VC.swift; sourceTree = "<group>"; };
		04B5DCE0257DF146002F620D /* Day07Input.txt */ = {isa = PBXFileReference; fileEncoding = 4; lastKnownFileType = text; path = Day07Input.txt; sourceTree = "<group>"; };
		04B5DD0C257F3E72002F620D /* Day08VC.swift */ = {isa = PBXFileReference; lastKnownFileType = sourcecode.swift; path = Day08VC.swift; sourceTree = "<group>"; };
		04B5DD10257F4241002F620D /* Day08Input.txt */ = {isa = PBXFileReference; fileEncoding = 4; lastKnownFileType = text; path = Day08Input.txt; sourceTree = "<group>"; };
		04CA183E25758DCF000F54BD /* PermutationHelper.swift */ = {isa = PBXFileReference; lastKnownFileType = sourcecode.swift; path = PermutationHelper.swift; sourceTree = "<group>"; };
		04CA184225758DF7000F54BD /* Grid.swift */ = {isa = PBXFileReference; lastKnownFileType = sourcecode.swift; path = Grid.swift; sourceTree = "<group>"; };
		04CA184525758E13000F54BD /* TravellingSalesmanHelper.swift */ = {isa = PBXFileReference; lastKnownFileType = sourcecode.swift; path = TravellingSalesmanHelper.swift; sourceTree = "<group>"; };
		04CA184A25759130000F54BD /* Day01VC.swift */ = {isa = PBXFileReference; lastKnownFileType = sourcecode.swift; path = Day01VC.swift; sourceTree = "<group>"; };
		04CA184E2576070D000F54BD /* Day01Input.txt */ = {isa = PBXFileReference; fileEncoding = 4; lastKnownFileType = text; path = Day01Input.txt; sourceTree = "<group>"; };
		04CA187B2576D51C000F54BD /* Day02VC.swift */ = {isa = PBXFileReference; lastKnownFileType = sourcecode.swift; path = Day02VC.swift; sourceTree = "<group>"; };
		04CA187F25775712000F54BD /* Day02Input.txt */ = {isa = PBXFileReference; fileEncoding = 4; lastKnownFileType = text; path = Day02Input.txt; sourceTree = "<group>"; };
		04CA188725780578000F54BD /* Day03VC.swift */ = {isa = PBXFileReference; lastKnownFileType = sourcecode.swift; path = Day03VC.swift; sourceTree = "<group>"; };
/* End PBXFileReference section */

/* Begin PBXFrameworksBuildPhase section */
		04B17B7B2540AD5E00FE3DB5 /* Frameworks */ = {
			isa = PBXFrameworksBuildPhase;
			buildActionMask = 2147483647;
			files = (
			);
			runOnlyForDeploymentPostprocessing = 0;
		};
/* End PBXFrameworksBuildPhase section */

/* Begin PBXGroup section */
		045AC83B25808F82009F2465 /* Day09 */ = {
			isa = PBXGroup;
			children = (
				045AC83C25808F93009F2465 /* Day09VC.swift */,
				045AC84025809334009F2465 /* Day09Input.txt */,
			);
			path = Day09;
			sourceTree = "<group>";
		};
		04B17B752540AD5E00FE3DB5 = {
			isa = PBXGroup;
			children = (
				04B17B802540AD5E00FE3DB5 /* AdventOfCode2020 */,
				04B17B7F2540AD5E00FE3DB5 /* Products */,
			);
			sourceTree = "<group>";
		};
		04B17B7F2540AD5E00FE3DB5 /* Products */ = {
			isa = PBXGroup;
			children = (
				04B17B7E2540AD5E00FE3DB5 /* AdventOfCode2020.app */,
			);
			name = Products;
			sourceTree = "<group>";
		};
		04B17B802540AD5E00FE3DB5 /* AdventOfCode2020 */ = {
			isa = PBXGroup;
			children = (
				04CA184925759126000F54BD /* Days */,
				04B17B952540AD9500FE3DB5 /* Helpers */,
				04B17B812540AD5E00FE3DB5 /* AppDelegate.swift */,
				04B17B832540AD5E00FE3DB5 /* SceneDelegate.swift */,
				04B17B852540AD5E00FE3DB5 /* CalendarViewController.swift */,
				04B17B872540AD5E00FE3DB5 /* Main.storyboard */,
				04B17B8A2540AD6100FE3DB5 /* Assets.xcassets */,
				04B17B8C2540AD6100FE3DB5 /* LaunchScreen.storyboard */,
				04B17B8F2540AD6100FE3DB5 /* Info.plist */,
			);
			path = AdventOfCode2020;
			sourceTree = "<group>";
		};
		04B17B952540AD9500FE3DB5 /* Helpers */ = {
			isa = PBXGroup;
			children = (
				04B17B962540ADA200FE3DB5 /* UIView+Ext.swift */,
				04B17B982540ADDD00FE3DB5 /* Math.swift */,
				04B17B9A2540ADFE00FE3DB5 /* IntPoint.swift */,
				04B17B9C2540AE2700FE3DB5 /* Direction.swift */,
				04B17B9E2540AE7100FE3DB5 /* FileLoader.swift */,
				04B17BA02540AE9600FE3DB5 /* String+Ext.swift */,
				04B17BA22540AF6100FE3DB5 /* Node.swift */,
				04B17BA42540AFED00FE3DB5 /* Image.swift */,
				04B17BA62540B15D00FE3DB5 /* Misc.swift */,
				04B17BA82540B18700FE3DB5 /* IntAStar.swift */,
				04B17BAA2540B1CD00FE3DB5 /* AoCVC.swift */,
				04B17BB02540C4A400FE3DB5 /* DateHelper.swift */,
				04CA183E25758DCF000F54BD /* PermutationHelper.swift */,
				04CA184225758DF7000F54BD /* Grid.swift */,
				04CA184525758E13000F54BD /* TravellingSalesmanHelper.swift */,
			);
			path = Helpers;
			sourceTree = "<group>";
		};
		04B5DC7625798A47002F620D /* Day04 */ = {
			isa = PBXGroup;
			children = (
				04B5DC7725798A8D002F620D /* Day04VC.swift */,
				04B5DC7B2579FBA5002F620D /* Day04Input.txt */,
			);
			path = Day04;
			sourceTree = "<group>";
		};
		04B5DCCA257B4A46002F620D /* Day05 */ = {
			isa = PBXGroup;
			children = (
				04B5DCCB257B4A50002F620D /* Day05VC.swift */,
				04B5DCCF257B4D35002F620D /* Day05Input.txt */,
			);
			path = Day05;
			sourceTree = "<group>";
		};
		04B5DCD3257C5B1E002F620D /* Day06 */ = {
			isa = PBXGroup;
			children = (
				04B5DCD4257C5B33002F620D /* Day06VC.swift */,
				04B5DCD8257C9D65002F620D /* Day06Input.txt */,
			);
			path = Day06;
			sourceTree = "<group>";
		};
		04B5DCDB257DEB97002F620D /* Day07 */ = {
			isa = PBXGroup;
			children = (
				04B5DCDC257DEBA6002F620D /* Day07VC.swift */,
				04B5DCE0257DF146002F620D /* Day07Input.txt */,
			);
			path = Day07;
			sourceTree = "<group>";
		};
		04B5DD0B257F3E62002F620D /* Day08 */ = {
			isa = PBXGroup;
			children = (
				04B5DD0C257F3E72002F620D /* Day08VC.swift */,
				04B5DD10257F4241002F620D /* Day08Input.txt */,
			);
			path = Day08;
			sourceTree = "<group>";
		};
		04CA184925759126000F54BD /* Days */ = {
			isa = PBXGroup;
			children = (
				04CA18792576D4E1000F54BD /* Day01 */,
				04CA187A2576D50A000F54BD /* Day02 */,
				04CA188625780559000F54BD /* Day03 */,
				04B5DC7625798A47002F620D /* Day04 */,
				04B5DCCA257B4A46002F620D /* Day05 */,
				04B5DCD3257C5B1E002F620D /* Day06 */,
				04B5DCDB257DEB97002F620D /* Day07 */,
				04B5DD0B257F3E62002F620D /* Day08 */,
				045AC83B25808F82009F2465 /* Day09 */,
			);
			path = Days;
			sourceTree = "<group>";
		};
		04CA18792576D4E1000F54BD /* Day01 */ = {
			isa = PBXGroup;
			children = (
				04CA184A25759130000F54BD /* Day01VC.swift */,
				04CA184E2576070D000F54BD /* Day01Input.txt */,
			);
			path = Day01;
			sourceTree = "<group>";
		};
		04CA187A2576D50A000F54BD /* Day02 */ = {
			isa = PBXGroup;
			children = (
				04CA187B2576D51C000F54BD /* Day02VC.swift */,
				04CA187F25775712000F54BD /* Day02Input.txt */,
			);
			path = Day02;
			sourceTree = "<group>";
		};
		04CA188625780559000F54BD /* Day03 */ = {
			isa = PBXGroup;
			children = (
				04CA188725780578000F54BD /* Day03VC.swift */,
				04B5DC732578A9C2002F620D /* Day03Input.txt */,
			);
			path = Day03;
			sourceTree = "<group>";
		};
/* End PBXGroup section */

/* Begin PBXNativeTarget section */
		04B17B7D2540AD5E00FE3DB5 /* AdventOfCode2020 */ = {
			isa = PBXNativeTarget;
			buildConfigurationList = 04B17B922540AD6100FE3DB5 /* Build configuration list for PBXNativeTarget "AdventOfCode2020" */;
			buildPhases = (
				04B17B7A2540AD5E00FE3DB5 /* Sources */,
				04B17B7B2540AD5E00FE3DB5 /* Frameworks */,
				04B17B7C2540AD5E00FE3DB5 /* Resources */,
			);
			buildRules = (
			);
			dependencies = (
			);
			name = AdventOfCode2020;
			productName = AdventOfCode2020;
			productReference = 04B17B7E2540AD5E00FE3DB5 /* AdventOfCode2020.app */;
			productType = "com.apple.product-type.application";
		};
/* End PBXNativeTarget section */

/* Begin PBXProject section */
		04B17B762540AD5E00FE3DB5 /* Project object */ = {
			isa = PBXProject;
			attributes = {
				LastSwiftUpdateCheck = 1170;
				LastUpgradeCheck = 1220;
				TargetAttributes = {
					04B17B7D2540AD5E00FE3DB5 = {
						CreatedOnToolsVersion = 11.7;
					};
				};
			};
			buildConfigurationList = 04B17B792540AD5E00FE3DB5 /* Build configuration list for PBXProject "AdventOfCode2020" */;
			compatibilityVersion = "Xcode 9.3";
			developmentRegion = en;
			hasScannedForEncodings = 0;
			knownRegions = (
				en,
				Base,
			);
			mainGroup = 04B17B752540AD5E00FE3DB5;
			productRefGroup = 04B17B7F2540AD5E00FE3DB5 /* Products */;
			projectDirPath = "";
			projectRoot = "";
			targets = (
				04B17B7D2540AD5E00FE3DB5 /* AdventOfCode2020 */,
			);
		};
/* End PBXProject section */

/* Begin PBXResourcesBuildPhase section */
		04B17B7C2540AD5E00FE3DB5 /* Resources */ = {
			isa = PBXResourcesBuildPhase;
			buildActionMask = 2147483647;
			files = (
				04B5DCD9257C9D65002F620D /* Day06Input.txt in Resources */,
				04B17B8E2540AD6100FE3DB5 /* LaunchScreen.storyboard in Resources */,
				04CA188025775712000F54BD /* Day02Input.txt in Resources */,
				04B17B8B2540AD6100FE3DB5 /* Assets.xcassets in Resources */,
				04B5DC7C2579FBA5002F620D /* Day04Input.txt in Resources */,
				04B17B892540AD5E00FE3DB5 /* Main.storyboard in Resources */,
				04CA184F2576070D000F54BD /* Day01Input.txt in Resources */,
				045AC84125809334009F2465 /* Day09Input.txt in Resources */,
				04B5DD11257F4241002F620D /* Day08Input.txt in Resources */,
				04B5DCE1257DF146002F620D /* Day07Input.txt in Resources */,
				04B5DC742578A9C2002F620D /* Day03Input.txt in Resources */,
				04B5DCD0257B4D35002F620D /* Day05Input.txt in Resources */,
			);
			runOnlyForDeploymentPostprocessing = 0;
		};
/* End PBXResourcesBuildPhase section */

/* Begin PBXSourcesBuildPhase section */
		04B17B7A2540AD5E00FE3DB5 /* Sources */ = {
			isa = PBXSourcesBuildPhase;
			buildActionMask = 2147483647;
			files = (
				04B5DCCC257B4A50002F620D /* Day05VC.swift in Sources */,
				04B17BA12540AE9600FE3DB5 /* String+Ext.swift in Sources */,
				04CA187C2576D51C000F54BD /* Day02VC.swift in Sources */,
				04B17BA32540AF6100FE3DB5 /* Node.swift in Sources */,
				04B17B9D2540AE2700FE3DB5 /* Direction.swift in Sources */,
				04B17B972540ADA200FE3DB5 /* UIView+Ext.swift in Sources */,
				04B17B9F2540AE7100FE3DB5 /* FileLoader.swift in Sources */,
				04B5DCDD257DEBA6002F620D /* Day07VC.swift in Sources */,
				04B17B862540AD5E00FE3DB5 /* CalendarViewController.swift in Sources */,
				04B17BAB2540B1CD00FE3DB5 /* AoCVC.swift in Sources */,
				04B17B822540AD5E00FE3DB5 /* AppDelegate.swift in Sources */,
				04B17BB12540C4A400FE3DB5 /* DateHelper.swift in Sources */,
				04CA188825780578000F54BD /* Day03VC.swift in Sources */,
				04B17B842540AD5E00FE3DB5 /* SceneDelegate.swift in Sources */,
				045AC83D25808F93009F2465 /* Day09VC.swift in Sources */,
				04B5DCD5257C5B33002F620D /* Day06VC.swift in Sources */,
				04CA184325758DF7000F54BD /* Grid.swift in Sources */,
				04B5DC7825798A8D002F620D /* Day04VC.swift in Sources */,
				04CA183F25758DCF000F54BD /* PermutationHelper.swift in Sources */,
				04B17B9B2540ADFE00FE3DB5 /* IntPoint.swift in Sources */,
				04B17BA72540B15D00FE3DB5 /* Misc.swift in Sources */,
				04CA184B25759130000F54BD /* Day01VC.swift in Sources */,
				04B17BA52540AFED00FE3DB5 /* Image.swift in Sources */,
				04B17BA92540B18700FE3DB5 /* IntAStar.swift in Sources */,
				04B5DD0D257F3E72002F620D /* Day08VC.swift in Sources */,
				04B17B992540ADDD00FE3DB5 /* Math.swift in Sources */,
				04CA184625758E13000F54BD /* TravellingSalesmanHelper.swift in Sources */,
			);
			runOnlyForDeploymentPostprocessing = 0;
		};
/* End PBXSourcesBuildPhase section */

/* Begin PBXVariantGroup section */
		04B17B872540AD5E00FE3DB5 /* Main.storyboard */ = {
			isa = PBXVariantGroup;
			children = (
				04B17B882540AD5E00FE3DB5 /* Base */,
			);
			name = Main.storyboard;
			sourceTree = "<group>";
		};
		04B17B8C2540AD6100FE3DB5 /* LaunchScreen.storyboard */ = {
			isa = PBXVariantGroup;
			children = (
				04B17B8D2540AD6100FE3DB5 /* Base */,
			);
			name = LaunchScreen.storyboard;
			sourceTree = "<group>";
		};
/* End PBXVariantGroup section */

/* Begin XCBuildConfiguration section */
		04B17B902540AD6100FE3DB5 /* Debug */ = {
			isa = XCBuildConfiguration;
			buildSettings = {
				ALWAYS_SEARCH_USER_PATHS = NO;
				CLANG_ANALYZER_NONNULL = YES;
				CLANG_ANALYZER_NUMBER_OBJECT_CONVERSION = YES_AGGRESSIVE;
				CLANG_CXX_LANGUAGE_STANDARD = "gnu++14";
				CLANG_CXX_LIBRARY = "libc++";
				CLANG_ENABLE_MODULES = YES;
				CLANG_ENABLE_OBJC_ARC = YES;
				CLANG_ENABLE_OBJC_WEAK = YES;
				CLANG_WARN_BLOCK_CAPTURE_AUTORELEASING = YES;
				CLANG_WARN_BOOL_CONVERSION = YES;
				CLANG_WARN_COMMA = YES;
				CLANG_WARN_CONSTANT_CONVERSION = YES;
				CLANG_WARN_DEPRECATED_OBJC_IMPLEMENTATIONS = YES;
				CLANG_WARN_DIRECT_OBJC_ISA_USAGE = YES_ERROR;
				CLANG_WARN_DOCUMENTATION_COMMENTS = YES;
				CLANG_WARN_EMPTY_BODY = YES;
				CLANG_WARN_ENUM_CONVERSION = YES;
				CLANG_WARN_INFINITE_RECURSION = YES;
				CLANG_WARN_INT_CONVERSION = YES;
				CLANG_WARN_NON_LITERAL_NULL_CONVERSION = YES;
				CLANG_WARN_OBJC_IMPLICIT_RETAIN_SELF = YES;
				CLANG_WARN_OBJC_LITERAL_CONVERSION = YES;
				CLANG_WARN_OBJC_ROOT_CLASS = YES_ERROR;
				CLANG_WARN_QUOTED_INCLUDE_IN_FRAMEWORK_HEADER = YES;
				CLANG_WARN_RANGE_LOOP_ANALYSIS = YES;
				CLANG_WARN_STRICT_PROTOTYPES = YES;
				CLANG_WARN_SUSPICIOUS_MOVE = YES;
				CLANG_WARN_UNGUARDED_AVAILABILITY = YES_AGGRESSIVE;
				CLANG_WARN_UNREACHABLE_CODE = YES;
				CLANG_WARN__DUPLICATE_METHOD_MATCH = YES;
				COPY_PHASE_STRIP = NO;
				DEBUG_INFORMATION_FORMAT = dwarf;
				ENABLE_STRICT_OBJC_MSGSEND = YES;
				ENABLE_TESTABILITY = YES;
				GCC_C_LANGUAGE_STANDARD = gnu11;
				GCC_DYNAMIC_NO_PIC = NO;
				GCC_NO_COMMON_BLOCKS = YES;
				GCC_OPTIMIZATION_LEVEL = 0;
				GCC_PREPROCESSOR_DEFINITIONS = (
					"DEBUG=1",
					"$(inherited)",
				);
				GCC_WARN_64_TO_32_BIT_CONVERSION = YES;
				GCC_WARN_ABOUT_RETURN_TYPE = YES_ERROR;
				GCC_WARN_UNDECLARED_SELECTOR = YES;
				GCC_WARN_UNINITIALIZED_AUTOS = YES_AGGRESSIVE;
				GCC_WARN_UNUSED_FUNCTION = YES;
				GCC_WARN_UNUSED_VARIABLE = YES;
				IPHONEOS_DEPLOYMENT_TARGET = 13.7;
				MTL_ENABLE_DEBUG_INFO = INCLUDE_SOURCE;
				MTL_FAST_MATH = YES;
				ONLY_ACTIVE_ARCH = YES;
				SDKROOT = iphoneos;
				SWIFT_ACTIVE_COMPILATION_CONDITIONS = DEBUG;
				SWIFT_OPTIMIZATION_LEVEL = "-Onone";
			};
			name = Debug;
		};
		04B17B912540AD6100FE3DB5 /* Release */ = {
			isa = XCBuildConfiguration;
			buildSettings = {
				ALWAYS_SEARCH_USER_PATHS = NO;
				CLANG_ANALYZER_NONNULL = YES;
				CLANG_ANALYZER_NUMBER_OBJECT_CONVERSION = YES_AGGRESSIVE;
				CLANG_CXX_LANGUAGE_STANDARD = "gnu++14";
				CLANG_CXX_LIBRARY = "libc++";
				CLANG_ENABLE_MODULES = YES;
				CLANG_ENABLE_OBJC_ARC = YES;
				CLANG_ENABLE_OBJC_WEAK = YES;
				CLANG_WARN_BLOCK_CAPTURE_AUTORELEASING = YES;
				CLANG_WARN_BOOL_CONVERSION = YES;
				CLANG_WARN_COMMA = YES;
				CLANG_WARN_CONSTANT_CONVERSION = YES;
				CLANG_WARN_DEPRECATED_OBJC_IMPLEMENTATIONS = YES;
				CLANG_WARN_DIRECT_OBJC_ISA_USAGE = YES_ERROR;
				CLANG_WARN_DOCUMENTATION_COMMENTS = YES;
				CLANG_WARN_EMPTY_BODY = YES;
				CLANG_WARN_ENUM_CONVERSION = YES;
				CLANG_WARN_INFINITE_RECURSION = YES;
				CLANG_WARN_INT_CONVERSION = YES;
				CLANG_WARN_NON_LITERAL_NULL_CONVERSION = YES;
				CLANG_WARN_OBJC_IMPLICIT_RETAIN_SELF = YES;
				CLANG_WARN_OBJC_LITERAL_CONVERSION = YES;
				CLANG_WARN_OBJC_ROOT_CLASS = YES_ERROR;
				CLANG_WARN_QUOTED_INCLUDE_IN_FRAMEWORK_HEADER = YES;
				CLANG_WARN_RANGE_LOOP_ANALYSIS = YES;
				CLANG_WARN_STRICT_PROTOTYPES = YES;
				CLANG_WARN_SUSPICIOUS_MOVE = YES;
				CLANG_WARN_UNGUARDED_AVAILABILITY = YES_AGGRESSIVE;
				CLANG_WARN_UNREACHABLE_CODE = YES;
				CLANG_WARN__DUPLICATE_METHOD_MATCH = YES;
				COPY_PHASE_STRIP = NO;
				DEBUG_INFORMATION_FORMAT = "dwarf-with-dsym";
				ENABLE_NS_ASSERTIONS = NO;
				ENABLE_STRICT_OBJC_MSGSEND = YES;
				GCC_C_LANGUAGE_STANDARD = gnu11;
				GCC_NO_COMMON_BLOCKS = YES;
				GCC_WARN_64_TO_32_BIT_CONVERSION = YES;
				GCC_WARN_ABOUT_RETURN_TYPE = YES_ERROR;
				GCC_WARN_UNDECLARED_SELECTOR = YES;
				GCC_WARN_UNINITIALIZED_AUTOS = YES_AGGRESSIVE;
				GCC_WARN_UNUSED_FUNCTION = YES;
				GCC_WARN_UNUSED_VARIABLE = YES;
				IPHONEOS_DEPLOYMENT_TARGET = 13.7;
				MTL_ENABLE_DEBUG_INFO = NO;
				MTL_FAST_MATH = YES;
				SDKROOT = iphoneos;
				SWIFT_COMPILATION_MODE = wholemodule;
				SWIFT_OPTIMIZATION_LEVEL = "-O";
				VALIDATE_PRODUCT = YES;
			};
			name = Release;
		};
		04B17B932540AD6100FE3DB5 /* Debug */ = {
			isa = XCBuildConfiguration;
			buildSettings = {
				ASSETCATALOG_COMPILER_APPICON_NAME = AppIcon;
				CODE_SIGN_STYLE = Automatic;
				DEVELOPMENT_TEAM = UMDMXH9PFW;
				INFOPLIST_FILE = AdventOfCode2020/Info.plist;
				LD_RUNPATH_SEARCH_PATHS = (
					"$(inherited)",
					"@executable_path/Frameworks",
				);
				PRODUCT_BUNDLE_IDENTIFIER = no.gk.AdventOfCode2020;
				PRODUCT_NAME = "$(TARGET_NAME)";
				SWIFT_VERSION = 5.0;
				TARGETED_DEVICE_FAMILY = "1,2";
			};
			name = Debug;
		};
		04B17B942540AD6100FE3DB5 /* Release */ = {
			isa = XCBuildConfiguration;
			buildSettings = {
				ASSETCATALOG_COMPILER_APPICON_NAME = AppIcon;
				CODE_SIGN_STYLE = Automatic;
				DEVELOPMENT_TEAM = UMDMXH9PFW;
				INFOPLIST_FILE = AdventOfCode2020/Info.plist;
				LD_RUNPATH_SEARCH_PATHS = (
					"$(inherited)",
					"@executable_path/Frameworks",
				);
				PRODUCT_BUNDLE_IDENTIFIER = no.gk.AdventOfCode2020;
				PRODUCT_NAME = "$(TARGET_NAME)";
				SWIFT_VERSION = 5.0;
				TARGETED_DEVICE_FAMILY = "1,2";
			};
			name = Release;
		};
/* End XCBuildConfiguration section */

/* Begin XCConfigurationList section */
		04B17B792540AD5E00FE3DB5 /* Build configuration list for PBXProject "AdventOfCode2020" */ = {
			isa = XCConfigurationList;
			buildConfigurations = (
				04B17B902540AD6100FE3DB5 /* Debug */,
				04B17B912540AD6100FE3DB5 /* Release */,
			);
			defaultConfigurationIsVisible = 0;
			defaultConfigurationName = Release;
		};
		04B17B922540AD6100FE3DB5 /* Build configuration list for PBXNativeTarget "AdventOfCode2020" */ = {
			isa = XCConfigurationList;
			buildConfigurations = (
				04B17B932540AD6100FE3DB5 /* Debug */,
				04B17B942540AD6100FE3DB5 /* Release */,
			);
			defaultConfigurationIsVisible = 0;
			defaultConfigurationName = Release;
		};
/* End XCConfigurationList section */
	};
	rootObject = 04B17B762540AD5E00FE3DB5 /* Project object */;
}
